
Microsoft Visual Studio Solution File, Format Version 12.00
# Visual Studio Version 17
VisualStudioVersion = 17.13.35931.197 d17.13
MinimumVisualStudioVersion = 10.0.40219.1
Project("{FAE04EC0-301F-11D3-BF4B-00C04F79EFBC}") = "Assignment 4.1.1", "Assignment 4.1.1.csproj", "{10233587-A396-4B0C-BC18-8D01FA72BA16}"
EndProject
Global
	GlobalSection(SolutionConfigurationPlatforms) = preSolution
		Debug|Any CPU = Debug|Any CPU
		Release|Any CPU = Release|Any CPU
	EndGlobalSection
	GlobalSection(ProjectConfigurationPlatforms) = postSolution
		{10233587-A396-4B0C-BC18-8D01FA72BA16}.Debug|Any CPU.ActiveCfg = Debug|Any CPU
		{10233587-A396-4B0C-BC18-8D01FA72BA16}.Debug|Any CPU.Build.0 = Debug|Any CPU
		{10233587-A396-4B0C-BC18-8D01FA72BA16}.Release|Any CPU.ActiveCfg = Release|Any CPU
		{10233587-A396-4B0C-BC18-8D01FA72BA16}.Release|Any CPU.Build.0 = Release|Any CPU
	EndGlobalSection
	GlobalSection(SolutionProperties) = preSolution
		HideSolutionNode = FALSE
	EndGlobalSection
	GlobalSection(ExtensibilityGlobals) = postSolution
		SolutionGuid = {A38A5EA7-9A72-4761-AD02-8E115EE46485}
	EndGlobalSection
EndGlobal
